
Microsoft Visual Studio Solution File, Format Version 12.00
# Visual Studio 15
Project("{FAE04EC0-301F-11D3-BF4B-00C04F79EFBC}") = "StarbeakGalacticRebellion", "StarbeakGalacticRebellion.csproj", "{6980B998-A99A-7568-C305-99F8659B4A7F}"
EndProject
Project("{FAE04EC0-301F-11D3-BF4B-00C04F79EFBC}") = "Assembly-CSharp-Editor", "Assembly-CSharp-Editor.csproj", "{EC25695A-A437-06BB-98F7-E209DC96E986}"
EndProject
Global
	GlobalSection(SolutionConfigurationPlatforms) = preSolution
		Debug|Any CPU = Debug|Any CPU
		Release|Any CPU = Release|Any CPU
	EndGlobalSection
	GlobalSection(ProjectConfigurationPlatforms) = postSolution
		{6980B998-A99A-7568-C305-99F8659B4A7F}.Debug|Any CPU.ActiveCfg = Debug|Any CPU
		{6980B998-A99A-7568-C305-99F8659B4A7F}.Debug|Any CPU.Build.0 = Debug|Any CPU
		{6980B998-A99A-7568-C305-99F8659B4A7F}.Release|Any CPU.ActiveCfg = Release|Any CPU
		{6980B998-A99A-7568-C305-99F8659B4A7F}.Release|Any CPU.Build.0 = Release|Any CPU
		{EC25695A-A437-06BB-98F7-E209DC96E986}.Debug|Any CPU.ActiveCfg = Debug|Any CPU
		{EC25695A-A437-06BB-98F7-E209DC96E986}.Debug|Any CPU.Build.0 = Debug|Any CPU
		{EC25695A-A437-06BB-98F7-E209DC96E986}.Release|Any CPU.ActiveCfg = Release|Any CPU
		{EC25695A-A437-06BB-98F7-E209DC96E986}.Release|Any CPU.Build.0 = Release|Any CPU
	EndGlobalSection
	GlobalSection(SolutionProperties) = preSolution
		HideSolutionNode = FALSE
	EndGlobalSection
EndGlobal
